
Microsoft Visual Studio Solution File, Format Version 12.00
# Visual Studio 14
VisualStudioVersion = 14.0.25420.1
MinimumVisualStudioVersion = 10.0.40219.1
Project("{FAE04EC0-301F-11D3-BF4B-00C04F79EFBC}") = "HLParserService", "HLParserService\HLParserService.csproj", "{46C0F9E1-CD44-4043-B359-A8F6D32DEFA6}"
EndProject
Project("{FAE04EC0-301F-11D3-BF4B-00C04F79EFBC}") = "HL7Windows", "HL7Windows\HL7Windows.csproj", "{3FD85902-4692-4416-AEC5-B17A0EDBA3C2}"
EndProject
Project("{FAE04EC0-301F-11D3-BF4B-00C04F79EFBC}") = "HL7Tests", "HL7Tests\HL7Tests.csproj", "{06211CAF-5BB7-4BC9-8BB3-842C13DC0D66}"
EndProject
Global
	GlobalSection(SolutionConfigurationPlatforms) = preSolution
		Debug|Any CPU = Debug|Any CPU
		Release|Any CPU = Release|Any CPU
	EndGlobalSection
	GlobalSection(ProjectConfigurationPlatforms) = postSolution
		{46C0F9E1-CD44-4043-B359-A8F6D32DEFA6}.Debug|Any CPU.ActiveCfg = Debug|Any CPU
		{46C0F9E1-CD44-4043-B359-A8F6D32DEFA6}.Debug|Any CPU.Build.0 = Debug|Any CPU
		{46C0F9E1-CD44-4043-B359-A8F6D32DEFA6}.Release|Any CPU.ActiveCfg = Release|Any CPU
		{46C0F9E1-CD44-4043-B359-A8F6D32DEFA6}.Release|Any CPU.Build.0 = Release|Any CPU
		{3FD85902-4692-4416-AEC5-B17A0EDBA3C2}.Debug|Any CPU.ActiveCfg = Debug|Any CPU
		{3FD85902-4692-4416-AEC5-B17A0EDBA3C2}.Debug|Any CPU.Build.0 = Debug|Any CPU
		{3FD85902-4692-4416-AEC5-B17A0EDBA3C2}.Release|Any CPU.ActiveCfg = Release|Any CPU
		{3FD85902-4692-4416-AEC5-B17A0EDBA3C2}.Release|Any CPU.Build.0 = Release|Any CPU
		{06211CAF-5BB7-4BC9-8BB3-842C13DC0D66}.Debug|Any CPU.ActiveCfg = Debug|Any CPU
		{06211CAF-5BB7-4BC9-8BB3-842C13DC0D66}.Debug|Any CPU.Build.0 = Debug|Any CPU
		{06211CAF-5BB7-4BC9-8BB3-842C13DC0D66}.Release|Any CPU.ActiveCfg = Release|Any CPU
		{06211CAF-5BB7-4BC9-8BB3-842C13DC0D66}.Release|Any CPU.Build.0 = Release|Any CPU
	EndGlobalSection
	GlobalSection(SolutionProperties) = preSolution
		HideSolutionNode = FALSE
	EndGlobalSection
EndGlobal
